// !$*UTF8*$!
{
	archiveVersion = 1;
	classes = {
	};
	objectVersion = 46;
	objects = {

/* Begin PBXBuildFile section */
		84F796ED15B6E48700469A6F /* main.cpp in Sources */ = {isa = PBXBuildFile; fileRef = 84F796EC15B6E48700469A6F /* main.cpp */; };
/* End PBXBuildFile section */

/* Begin PBXCopyFilesBuildPhase section */
		84F796E615B6E48700469A6F /* CopyFiles */ = {
			isa = PBXCopyFilesBuildPhase;
			buildActionMask = 2147483647;
			dstPath = /usr/share/man/man1/;
			dstSubfolderSpec = 0;
			files = (
			);
			runOnlyForDeploymentPostprocessing = 1;
		};
/* End PBXCopyFilesBuildPhase section */

/* Begin PBXFileReference section */
		84F796E815B6E48700469A6F /* subsystems */ = {isa = PBXFileReference; explicitFileType = "compiled.mach-o.executable"; includeInIndex = 0; path = subsystems; sourceTree = BUILT_PRODUCTS_DIR; };
		84F796EC15B6E48700469A6F /* main.cpp */ = {isa = PBXFileReference; lastKnownFileType = sourcecode.cpp.cpp; path = main.cpp; sourceTree = "<group>"; };
		84F796F615B6E54600469A6F /* master.hpp */ = {isa = PBXFileReference; fileEncoding = 4; lastKnownFileType = sourcecode.cpp.h; path = master.hpp; sourceTree = "<group>"; };
		84F796F815B6E54700469A6F /* subsystem.hpp */ = {isa = PBXFileReference; fileEncoding = 4; lastKnownFileType = sourcecode.cpp.h; path = subsystem.hpp; sourceTree = "<group>"; };
		84F7970915B6EAC200469A6F /* noncopyable.hpp */ = {isa = PBXFileReference; fileEncoding = 4; lastKnownFileType = sourcecode.cpp.h; name = noncopyable.hpp; path = ../../noncopyable.hpp; sourceTree = "<group>"; };
/* End PBXFileReference section */

/* Begin PBXFrameworksBuildPhase section */
		84F796E515B6E48700469A6F /* Frameworks */ = {
			isa = PBXFrameworksBuildPhase;
			buildActionMask = 2147483647;
			files = (
			);
			runOnlyForDeploymentPostprocessing = 0;
		};
/* End PBXFrameworksBuildPhase section */

/* Begin PBXGroup section */
		84F796DD15B6E48700469A6F = {
			isa = PBXGroup;
			children = (
				84F796EB15B6E48700469A6F /* subsystems */,
				84F796E915B6E48700469A6F /* Products */,
			);
			sourceTree = "<group>";
		};
		84F796E915B6E48700469A6F /* Products */ = {
			isa = PBXGroup;
			children = (
				84F796E815B6E48700469A6F /* subsystems */,
			);
			name = Products;
			sourceTree = "<group>";
		};
		84F796EB15B6E48700469A6F /* subsystems */ = {
			isa = PBXGroup;
			children = (
				84F7970915B6EAC200469A6F /* noncopyable.hpp */,
				84F796F615B6E54600469A6F /* master.hpp */,
				84F796F815B6E54700469A6F /* subsystem.hpp */,
				84F796EC15B6E48700469A6F /* main.cpp */,
			);
			path = subsystems;
			sourceTree = "<group>";
		};
/* End PBXGroup section */

/* Begin PBXNativeTarget section */
		84F796E715B6E48700469A6F /* subsystems */ = {
			isa = PBXNativeTarget;
			buildConfigurationList = 84F796F215B6E48700469A6F /* Build configuration list for PBXNativeTarget "subsystems" */;
			buildPhases = (
				84F796E415B6E48700469A6F /* Sources */,
				84F796E515B6E48700469A6F /* Frameworks */,
				84F796E615B6E48700469A6F /* CopyFiles */,
			);
			buildRules = (
			);
			dependencies = (
			);
			name = subsystems;
			productName = subsystems;
			productReference = 84F796E815B6E48700469A6F /* subsystems */;
			productType = "com.apple.product-type.tool";
		};
/* End PBXNativeTarget section */

/* Begin PBXProject section */
		84F796DF15B6E48700469A6F /* Project object */ = {
			isa = PBXProject;
			attributes = {
				LastUpgradeCheck = 0430;
			};
			buildConfigurationList = 84F796E215B6E48700469A6F /* Build configuration list for PBXProject "subsystems" */;
			compatibilityVersion = "Xcode 3.2";
			developmentRegion = English;
			hasScannedForEncodings = 0;
			knownRegions = (
				en,
			);
			mainGroup = 84F796DD15B6E48700469A6F;
			productRefGroup = 84F796E915B6E48700469A6F /* Products */;
			projectDirPath = "";
			projectRoot = "";
			targets = (
				84F796E715B6E48700469A6F /* subsystems */,
			);
		};
/* End PBXProject section */

/* Begin PBXSourcesBuildPhase section */
		84F796E415B6E48700469A6F /* Sources */ = {
			isa = PBXSourcesBuildPhase;
			buildActionMask = 2147483647;
			files = (
				84F796ED15B6E48700469A6F /* main.cpp in Sources */,
			);
			runOnlyForDeploymentPostprocessing = 0;
		};
/* End PBXSourcesBuildPhase section */

/* Begin XCBuildConfiguration section */
		84F796F015B6E48700469A6F /* Debug */ = {
			isa = XCBuildConfiguration;
			buildSettings = {
				ALWAYS_SEARCH_USER_PATHS = NO;
				ARCHS = "$(ARCHS_STANDARD_64_BIT)";
				COPY_PHASE_STRIP = NO;
				GCC_C_LANGUAGE_STANDARD = gnu99;
				GCC_DYNAMIC_NO_PIC = NO;
				GCC_ENABLE_OBJC_EXCEPTIONS = YES;
				GCC_OPTIMIZATION_LEVEL = 0;
				GCC_PREPROCESSOR_DEFINITIONS = (
					"DEBUG=1",
					"$(inherited)",
				);
				GCC_SYMBOLS_PRIVATE_EXTERN = NO;
				GCC_VERSION = com.apple.compilers.llvm.clang.1_0;
				GCC_WARN_64_TO_32_BIT_CONVERSION = YES;
				GCC_WARN_ABOUT_RETURN_TYPE = YES;
				GCC_WARN_UNINITIALIZED_AUTOS = YES;
				GCC_WARN_UNUSED_VARIABLE = YES;
				MACOSX_DEPLOYMENT_TARGET = 10.7;
				ONLY_ACTIVE_ARCH = YES;
				SDKROOT = macosx;
			};
			name = Debug;
		};
		84F796F115B6E48700469A6F /* Release */ = {
			isa = XCBuildConfiguration;
			buildSettings = {
				ALWAYS_SEARCH_USER_PATHS = NO;
				ARCHS = "$(ARCHS_STANDARD_64_BIT)";
				COPY_PHASE_STRIP = YES;
				DEBUG_INFORMATION_FORMAT = "dwarf-with-dsym";
				GCC_C_LANGUAGE_STANDARD = gnu99;
				GCC_ENABLE_OBJC_EXCEPTIONS = YES;
				GCC_VERSION = com.apple.compilers.llvm.clang.1_0;
				GCC_WARN_64_TO_32_BIT_CONVERSION = YES;
				GCC_WARN_ABOUT_RETURN_TYPE = YES;
				GCC_WARN_UNINITIALIZED_AUTOS = YES;
				GCC_WARN_UNUSED_VARIABLE = YES;
				MACOSX_DEPLOYMENT_TARGET = 10.7;
				SDKROOT = macosx;
			};
			name = Release;
		};
		84F796F315B6E48700469A6F /* Debug */ = {
			isa = XCBuildConfiguration;
			buildSettings = {
				CLANG_CXX_LANGUAGE_STANDARD = "c++0x";
				CLANG_CXX_LIBRARY = "libc++";
				PRODUCT_NAME = "$(TARGET_NAME)";
			};
			name = Debug;
		};
		84F796F415B6E48700469A6F /* Release */ = {
			isa = XCBuildConfiguration;
			buildSettings = {
				CLANG_CXX_LANGUAGE_STANDARD = "c++0x";
				CLANG_CXX_LIBRARY = "libc++";
				PRODUCT_NAME = "$(TARGET_NAME)";
			};
			name = Release;
		};
/* End XCBuildConfiguration section */

/* Begin XCConfigurationList section */
		84F796E215B6E48700469A6F /* Build configuration list for PBXProject "subsystems" */ = {
			isa = XCConfigurationList;
			buildConfigurations = (
				84F796F015B6E48700469A6F /* Debug */,
				84F796F115B6E48700469A6F /* Release */,
			);
			defaultConfigurationIsVisible = 0;
			defaultConfigurationName = Release;
		};
		84F796F215B6E48700469A6F /* Build configuration list for PBXNativeTarget "subsystems" */ = {
			isa = XCConfigurationList;
			buildConfigurations = (
				84F796F315B6E48700469A6F /* Debug */,
				84F796F415B6E48700469A6F /* Release */,
			);
			defaultConfigurationIsVisible = 0;
			defaultConfigurationName = Release;
		};
/* End XCConfigurationList section */
	};
	rootObject = 84F796DF15B6E48700469A6F /* Project object */;
}
